
Microsoft Visual Studio Solution File, Format Version 12.00
# Visual Studio Version 16
VisualStudioVersion = 16.0.29728.190
MinimumVisualStudioVersion = 10.0.40219.1
Project("{FAE04EC0-301F-11D3-BF4B-00C04F79EFBC}") = "NESI.BLL", "NESI.BLL\NESI.BLL.csproj", "{98A6BEFD-C625-412E-B5C6-448BCD2C6CEB}"
EndProject
Project("{FAE04EC0-301F-11D3-BF4B-00C04F79EFBC}") = "NESI.Data", "NESI.Data\NESI.Data.csproj", "{6C889C08-156A-40A7-AAF5-26670ED5F26C}"
EndProject
Project("{FAE04EC0-301F-11D3-BF4B-00C04F79EFBC}") = "NESI.DTO", "NESI.DTO\NESI.DTO.csproj", "{78279208-2B7D-4DBB-B76C-63C2B4903DB7}"
EndProject
Project("{FAE04EC0-301F-11D3-BF4B-00C04F79EFBC}") = "NESI.Common", "NESI.Common\NESI.Common.csproj", "{4BBC7F80-E983-491D-83E6-4EBB727591D3}"
EndProject
Project("{FAE04EC0-301F-11D3-BF4B-00C04F79EFBC}") = "Nesi.Web", "Nesi.Web\Nesi.Web.csproj", "{D9596F01-DBDC-40D9-A0C8-33508A6B22F2}"
EndProject
Project("{2150E333-8FDC-42A3-9474-1A3956D46DE8}") = "Referenced Projects", "Referenced Projects", "{FE2EB216-3557-4C2F-BB1C-0274BC694CD9}"
EndProject
Project("{FAE04EC0-301F-11D3-BF4B-00C04F79EFBC}") = "NESI.SignalR", "NESI.SignalR\NESI.SignalR.csproj", "{C47EE7C0-8035-4A95-856F-E3B367CE811C}"
EndProject
Project("{FAE04EC0-301F-11D3-BF4B-00C04F79EFBC}") = "NESI.DataProcessor", "NESI.DataProcessor\NESI.DataProcessor.csproj", "{45516922-5F9B-4976-AC28-4242CCC8D1C0}"
EndProject
Project("{2150E333-8FDC-42A3-9474-1A3956D46DE8}") = "Documents", "Documents", "{6F57AC43-D3E5-463E-9BC9-FA11B5DAA47D}"
	ProjectSection(SolutionItems) = preProject
		Documents\RunAndDeploy.docx = Documents\RunAndDeploy.docx
		Documents\ToDo.txt = Documents\ToDo.txt
	EndProjectSection
EndProject
Project("{FAE04EC0-301F-11D3-BF4B-00C04F79EFBC}") = "NESI.Core", "NESI.Core\NESI.Core.csproj", "{CC6B2814-61EA-4DE8-8710-D7FDE78E3E45}"
EndProject
Project("{2150E333-8FDC-42A3-9474-1A3956D46DE8}") = "Tests", "Tests", "{44490D68-D72D-4FAC-A360-D0E7CCBD291C}"
EndProject
Project("{FAE04EC0-301F-11D3-BF4B-00C04F79EFBC}") = "NESI.BLL.Tests", "NESI.BLL.Tests\NESI.BLL.Tests.csproj", "{5ADB540A-5AD7-491E-80E8-E212C4EC5066}"
EndProject
Project("{FAE04EC0-301F-11D3-BF4B-00C04F79EFBC}") = "Nesi.Common.Tests", "Nesi.Common.Tests\Nesi.Common.Tests.csproj", "{C39605DC-788D-4D50-8DDA-57ABD3C0AEC5}"
EndProject
Project("{FAE04EC0-301F-11D3-BF4B-00C04F79EFBC}") = "NESI.WebAPI", "NESI.WebAPI\NESI.WebAPI.csproj", "{8F34FED0-6A0F-4447-818C-EB197FF80C69}"
EndProject
Global
	GlobalSection(SolutionConfigurationPlatforms) = preSolution
		Debug|Any CPU = Debug|Any CPU
		Development|Any CPU = Development|Any CPU
		MattLocal|Any CPU = MattLocal|Any CPU
		Production|Any CPU = Production|Any CPU
		QA|Any CPU = QA|Any CPU
		Release|Any CPU = Release|Any CPU
		UAT|Any CPU = UAT|Any CPU
	EndGlobalSection
	GlobalSection(ProjectConfigurationPlatforms) = postSolution
		{98A6BEFD-C625-412E-B5C6-448BCD2C6CEB}.Debug|Any CPU.ActiveCfg = Debug|Any CPU
		{98A6BEFD-C625-412E-B5C6-448BCD2C6CEB}.Debug|Any CPU.Build.0 = Debug|Any CPU
		{98A6BEFD-C625-412E-B5C6-448BCD2C6CEB}.Development|Any CPU.ActiveCfg = Debug|Any CPU
		{98A6BEFD-C625-412E-B5C6-448BCD2C6CEB}.Development|Any CPU.Build.0 = Debug|Any CPU
		{98A6BEFD-C625-412E-B5C6-448BCD2C6CEB}.MattLocal|Any CPU.ActiveCfg = MattLocal|Any CPU
		{98A6BEFD-C625-412E-B5C6-448BCD2C6CEB}.MattLocal|Any CPU.Build.0 = MattLocal|Any CPU
		{98A6BEFD-C625-412E-B5C6-448BCD2C6CEB}.Production|Any CPU.ActiveCfg = Release|Any CPU
		{98A6BEFD-C625-412E-B5C6-448BCD2C6CEB}.Production|Any CPU.Build.0 = Release|Any CPU
		{98A6BEFD-C625-412E-B5C6-448BCD2C6CEB}.QA|Any CPU.ActiveCfg = Release|Any CPU
		{98A6BEFD-C625-412E-B5C6-448BCD2C6CEB}.QA|Any CPU.Build.0 = Release|Any CPU
		{98A6BEFD-C625-412E-B5C6-448BCD2C6CEB}.Release|Any CPU.ActiveCfg = Release|Any CPU
		{98A6BEFD-C625-412E-B5C6-448BCD2C6CEB}.Release|Any CPU.Build.0 = Release|Any CPU
		{98A6BEFD-C625-412E-B5C6-448BCD2C6CEB}.UAT|Any CPU.ActiveCfg = MattLocal|Any CPU
		{98A6BEFD-C625-412E-B5C6-448BCD2C6CEB}.UAT|Any CPU.Build.0 = MattLocal|Any CPU
		{6C889C08-156A-40A7-AAF5-26670ED5F26C}.Debug|Any CPU.ActiveCfg = Debug|Any CPU
		{6C889C08-156A-40A7-AAF5-26670ED5F26C}.Debug|Any CPU.Build.0 = Debug|Any CPU
		{6C889C08-156A-40A7-AAF5-26670ED5F26C}.Development|Any CPU.ActiveCfg = Debug|Any CPU
		{6C889C08-156A-40A7-AAF5-26670ED5F26C}.Development|Any CPU.Build.0 = Debug|Any CPU
		{6C889C08-156A-40A7-AAF5-26670ED5F26C}.MattLocal|Any CPU.ActiveCfg = MattLocal|Any CPU
		{6C889C08-156A-40A7-AAF5-26670ED5F26C}.MattLocal|Any CPU.Build.0 = MattLocal|Any CPU
		{6C889C08-156A-40A7-AAF5-26670ED5F26C}.Production|Any CPU.ActiveCfg = Release|Any CPU
		{6C889C08-156A-40A7-AAF5-26670ED5F26C}.Production|Any CPU.Build.0 = Release|Any CPU
		{6C889C08-156A-40A7-AAF5-26670ED5F26C}.QA|Any CPU.ActiveCfg = Release|Any CPU
		{6C889C08-156A-40A7-AAF5-26670ED5F26C}.QA|Any CPU.Build.0 = Release|Any CPU
		{6C889C08-156A-40A7-AAF5-26670ED5F26C}.Release|Any CPU.ActiveCfg = Release|Any CPU
		{6C889C08-156A-40A7-AAF5-26670ED5F26C}.Release|Any CPU.Build.0 = Release|Any CPU
		{6C889C08-156A-40A7-AAF5-26670ED5F26C}.UAT|Any CPU.ActiveCfg = MattLocal|Any CPU
		{6C889C08-156A-40A7-AAF5-26670ED5F26C}.UAT|Any CPU.Build.0 = MattLocal|Any CPU
		{78279208-2B7D-4DBB-B76C-63C2B4903DB7}.Debug|Any CPU.ActiveCfg = Debug|Any CPU
		{78279208-2B7D-4DBB-B76C-63C2B4903DB7}.Debug|Any CPU.Build.0 = Debug|Any CPU
		{78279208-2B7D-4DBB-B76C-63C2B4903DB7}.Development|Any CPU.ActiveCfg = Debug|Any CPU
		{78279208-2B7D-4DBB-B76C-63C2B4903DB7}.Development|Any CPU.Build.0 = Debug|Any CPU
		{78279208-2B7D-4DBB-B76C-63C2B4903DB7}.MattLocal|Any CPU.ActiveCfg = MattLocal|Any CPU
		{78279208-2B7D-4DBB-B76C-63C2B4903DB7}.MattLocal|Any CPU.Build.0 = MattLocal|Any CPU
		{78279208-2B7D-4DBB-B76C-63C2B4903DB7}.Production|Any CPU.ActiveCfg = Release|Any CPU
		{78279208-2B7D-4DBB-B76C-63C2B4903DB7}.Production|Any CPU.Build.0 = Release|Any CPU
		{78279208-2B7D-4DBB-B76C-63C2B4903DB7}.QA|Any CPU.ActiveCfg = Release|Any CPU
		{78279208-2B7D-4DBB-B76C-63C2B4903DB7}.QA|Any CPU.Build.0 = Release|Any CPU
		{78279208-2B7D-4DBB-B76C-63C2B4903DB7}.Release|Any CPU.ActiveCfg = Release|Any CPU
		{78279208-2B7D-4DBB-B76C-63C2B4903DB7}.Release|Any CPU.Build.0 = Release|Any CPU
		{78279208-2B7D-4DBB-B76C-63C2B4903DB7}.UAT|Any CPU.ActiveCfg = MattLocal|Any CPU
		{78279208-2B7D-4DBB-B76C-63C2B4903DB7}.UAT|Any CPU.Build.0 = MattLocal|Any CPU
		{4BBC7F80-E983-491D-83E6-4EBB727591D3}.Debug|Any CPU.ActiveCfg = Debug|Any CPU
		{4BBC7F80-E983-491D-83E6-4EBB727591D3}.Debug|Any CPU.Build.0 = Debug|Any CPU
		{4BBC7F80-E983-491D-83E6-4EBB727591D3}.Development|Any CPU.ActiveCfg = Debug|Any CPU
		{4BBC7F80-E983-491D-83E6-4EBB727591D3}.Development|Any CPU.Build.0 = Debug|Any CPU
		{4BBC7F80-E983-491D-83E6-4EBB727591D3}.MattLocal|Any CPU.ActiveCfg = MattLocal|Any CPU
		{4BBC7F80-E983-491D-83E6-4EBB727591D3}.MattLocal|Any CPU.Build.0 = MattLocal|Any CPU
		{4BBC7F80-E983-491D-83E6-4EBB727591D3}.Production|Any CPU.ActiveCfg = Release|Any CPU
		{4BBC7F80-E983-491D-83E6-4EBB727591D3}.Production|Any CPU.Build.0 = Release|Any CPU
		{4BBC7F80-E983-491D-83E6-4EBB727591D3}.QA|Any CPU.ActiveCfg = Release|Any CPU
		{4BBC7F80-E983-491D-83E6-4EBB727591D3}.QA|Any CPU.Build.0 = Release|Any CPU
		{4BBC7F80-E983-491D-83E6-4EBB727591D3}.Release|Any CPU.ActiveCfg = Release|Any CPU
		{4BBC7F80-E983-491D-83E6-4EBB727591D3}.Release|Any CPU.Build.0 = Release|Any CPU
		{4BBC7F80-E983-491D-83E6-4EBB727591D3}.UAT|Any CPU.ActiveCfg = MattLocal|Any CPU
		{4BBC7F80-E983-491D-83E6-4EBB727591D3}.UAT|Any CPU.Build.0 = MattLocal|Any CPU
		{D9596F01-DBDC-40D9-A0C8-33508A6B22F2}.Debug|Any CPU.ActiveCfg = QA|Any CPU
		{D9596F01-DBDC-40D9-A0C8-33508A6B22F2}.Debug|Any CPU.Build.0 = QA|Any CPU
		{D9596F01-DBDC-40D9-A0C8-33508A6B22F2}.Development|Any CPU.ActiveCfg = Development|Any CPU
		{D9596F01-DBDC-40D9-A0C8-33508A6B22F2}.Development|Any CPU.Build.0 = Development|Any CPU
		{D9596F01-DBDC-40D9-A0C8-33508A6B22F2}.MattLocal|Any CPU.ActiveCfg = MattLocal|Any CPU
		{D9596F01-DBDC-40D9-A0C8-33508A6B22F2}.MattLocal|Any CPU.Build.0 = MattLocal|Any CPU
		{D9596F01-DBDC-40D9-A0C8-33508A6B22F2}.Production|Any CPU.ActiveCfg = Production|Any CPU
		{D9596F01-DBDC-40D9-A0C8-33508A6B22F2}.Production|Any CPU.Build.0 = Production|Any CPU
		{D9596F01-DBDC-40D9-A0C8-33508A6B22F2}.QA|Any CPU.ActiveCfg = QA|Any CPU
		{D9596F01-DBDC-40D9-A0C8-33508A6B22F2}.QA|Any CPU.Build.0 = QA|Any CPU
		{D9596F01-DBDC-40D9-A0C8-33508A6B22F2}.Release|Any CPU.ActiveCfg = Production|Any CPU
		{D9596F01-DBDC-40D9-A0C8-33508A6B22F2}.Release|Any CPU.Build.0 = Production|Any CPU
		{D9596F01-DBDC-40D9-A0C8-33508A6B22F2}.UAT|Any CPU.ActiveCfg = Development|Any CPU
		{D9596F01-DBDC-40D9-A0C8-33508A6B22F2}.UAT|Any CPU.Build.0 = Development|Any CPU
		{C47EE7C0-8035-4A95-856F-E3B367CE811C}.Debug|Any CPU.ActiveCfg = QA|Any CPU
		{C47EE7C0-8035-4A95-856F-E3B367CE811C}.Debug|Any CPU.Build.0 = QA|Any CPU
		{C47EE7C0-8035-4A95-856F-E3B367CE811C}.Development|Any CPU.ActiveCfg = Development|Any CPU
		{C47EE7C0-8035-4A95-856F-E3B367CE811C}.Development|Any CPU.Build.0 = Development|Any CPU
		{C47EE7C0-8035-4A95-856F-E3B367CE811C}.MattLocal|Any CPU.ActiveCfg = MattLocal|Any CPU
		{C47EE7C0-8035-4A95-856F-E3B367CE811C}.MattLocal|Any CPU.Build.0 = MattLocal|Any CPU
		{C47EE7C0-8035-4A95-856F-E3B367CE811C}.Production|Any CPU.ActiveCfg = Production|Any CPU
		{C47EE7C0-8035-4A95-856F-E3B367CE811C}.Production|Any CPU.Build.0 = Production|Any CPU
		{C47EE7C0-8035-4A95-856F-E3B367CE811C}.QA|Any CPU.ActiveCfg = QA|Any CPU
		{C47EE7C0-8035-4A95-856F-E3B367CE811C}.QA|Any CPU.Build.0 = QA|Any CPU
		{C47EE7C0-8035-4A95-856F-E3B367CE811C}.Release|Any CPU.ActiveCfg = Production|Any CPU
		{C47EE7C0-8035-4A95-856F-E3B367CE811C}.Release|Any CPU.Build.0 = Production|Any CPU
		{C47EE7C0-8035-4A95-856F-E3B367CE811C}.UAT|Any CPU.ActiveCfg = Development|Any CPU
		{C47EE7C0-8035-4A95-856F-E3B367CE811C}.UAT|Any CPU.Build.0 = Development|Any CPU
		{45516922-5F9B-4976-AC28-4242CCC8D1C0}.Debug|Any CPU.ActiveCfg = Debug|Any CPU
		{45516922-5F9B-4976-AC28-4242CCC8D1C0}.Debug|Any CPU.Build.0 = Debug|Any CPU
		{45516922-5F9B-4976-AC28-4242CCC8D1C0}.Development|Any CPU.ActiveCfg = Debug|Any CPU
		{45516922-5F9B-4976-AC28-4242CCC8D1C0}.Development|Any CPU.Build.0 = Debug|Any CPU
		{45516922-5F9B-4976-AC28-4242CCC8D1C0}.MattLocal|Any CPU.ActiveCfg = MattLocal|Any CPU
		{45516922-5F9B-4976-AC28-4242CCC8D1C0}.MattLocal|Any CPU.Build.0 = MattLocal|Any CPU
		{45516922-5F9B-4976-AC28-4242CCC8D1C0}.Production|Any CPU.ActiveCfg = Release|Any CPU
		{45516922-5F9B-4976-AC28-4242CCC8D1C0}.Production|Any CPU.Build.0 = Release|Any CPU
		{45516922-5F9B-4976-AC28-4242CCC8D1C0}.QA|Any CPU.ActiveCfg = Release|Any CPU
		{45516922-5F9B-4976-AC28-4242CCC8D1C0}.QA|Any CPU.Build.0 = Release|Any CPU
		{45516922-5F9B-4976-AC28-4242CCC8D1C0}.Release|Any CPU.ActiveCfg = Release|Any CPU
		{45516922-5F9B-4976-AC28-4242CCC8D1C0}.Release|Any CPU.Build.0 = Release|Any CPU
		{45516922-5F9B-4976-AC28-4242CCC8D1C0}.UAT|Any CPU.ActiveCfg = MattLocal|Any CPU
		{45516922-5F9B-4976-AC28-4242CCC8D1C0}.UAT|Any CPU.Build.0 = MattLocal|Any CPU
		{CC6B2814-61EA-4DE8-8710-D7FDE78E3E45}.Debug|Any CPU.ActiveCfg = Debug|Any CPU
		{CC6B2814-61EA-4DE8-8710-D7FDE78E3E45}.Debug|Any CPU.Build.0 = Debug|Any CPU
		{CC6B2814-61EA-4DE8-8710-D7FDE78E3E45}.Development|Any CPU.ActiveCfg = Debug|Any CPU
		{CC6B2814-61EA-4DE8-8710-D7FDE78E3E45}.Development|Any CPU.Build.0 = Debug|Any CPU
		{CC6B2814-61EA-4DE8-8710-D7FDE78E3E45}.MattLocal|Any CPU.ActiveCfg = MattLocal|Any CPU
		{CC6B2814-61EA-4DE8-8710-D7FDE78E3E45}.MattLocal|Any CPU.Build.0 = MattLocal|Any CPU
		{CC6B2814-61EA-4DE8-8710-D7FDE78E3E45}.Production|Any CPU.ActiveCfg = Release|Any CPU
		{CC6B2814-61EA-4DE8-8710-D7FDE78E3E45}.Production|Any CPU.Build.0 = Release|Any CPU
		{CC6B2814-61EA-4DE8-8710-D7FDE78E3E45}.QA|Any CPU.ActiveCfg = Release|Any CPU
		{CC6B2814-61EA-4DE8-8710-D7FDE78E3E45}.QA|Any CPU.Build.0 = Release|Any CPU
		{CC6B2814-61EA-4DE8-8710-D7FDE78E3E45}.Release|Any CPU.ActiveCfg = Release|Any CPU
		{CC6B2814-61EA-4DE8-8710-D7FDE78E3E45}.Release|Any CPU.Build.0 = Release|Any CPU
		{CC6B2814-61EA-4DE8-8710-D7FDE78E3E45}.UAT|Any CPU.ActiveCfg = MattLocal|Any CPU
		{CC6B2814-61EA-4DE8-8710-D7FDE78E3E45}.UAT|Any CPU.Build.0 = MattLocal|Any CPU
		{5ADB540A-5AD7-491E-80E8-E212C4EC5066}.Debug|Any CPU.ActiveCfg = Debug|Any CPU
		{5ADB540A-5AD7-491E-80E8-E212C4EC5066}.Debug|Any CPU.Build.0 = Debug|Any CPU
		{5ADB540A-5AD7-491E-80E8-E212C4EC5066}.Development|Any CPU.ActiveCfg = Debug|Any CPU
		{5ADB540A-5AD7-491E-80E8-E212C4EC5066}.Development|Any CPU.Build.0 = Debug|Any CPU
		{5ADB540A-5AD7-491E-80E8-E212C4EC5066}.MattLocal|Any CPU.ActiveCfg = MattLocal|Any CPU
		{5ADB540A-5AD7-491E-80E8-E212C4EC5066}.MattLocal|Any CPU.Build.0 = MattLocal|Any CPU
		{5ADB540A-5AD7-491E-80E8-E212C4EC5066}.Production|Any CPU.ActiveCfg = Release|Any CPU
		{5ADB540A-5AD7-491E-80E8-E212C4EC5066}.Production|Any CPU.Build.0 = Release|Any CPU
		{5ADB540A-5AD7-491E-80E8-E212C4EC5066}.QA|Any CPU.ActiveCfg = Release|Any CPU
		{5ADB540A-5AD7-491E-80E8-E212C4EC5066}.QA|Any CPU.Build.0 = Release|Any CPU
		{5ADB540A-5AD7-491E-80E8-E212C4EC5066}.Release|Any CPU.ActiveCfg = Release|Any CPU
		{5ADB540A-5AD7-491E-80E8-E212C4EC5066}.Release|Any CPU.Build.0 = Release|Any CPU
		{5ADB540A-5AD7-491E-80E8-E212C4EC5066}.UAT|Any CPU.ActiveCfg = MattLocal|Any CPU
		{5ADB540A-5AD7-491E-80E8-E212C4EC5066}.UAT|Any CPU.Build.0 = MattLocal|Any CPU
		{C39605DC-788D-4D50-8DDA-57ABD3C0AEC5}.Debug|Any CPU.ActiveCfg = Debug|Any CPU
		{C39605DC-788D-4D50-8DDA-57ABD3C0AEC5}.Debug|Any CPU.Build.0 = Debug|Any CPU
		{C39605DC-788D-4D50-8DDA-57ABD3C0AEC5}.Development|Any CPU.ActiveCfg = Debug|Any CPU
		{C39605DC-788D-4D50-8DDA-57ABD3C0AEC5}.Development|Any CPU.Build.0 = Debug|Any CPU
		{C39605DC-788D-4D50-8DDA-57ABD3C0AEC5}.MattLocal|Any CPU.ActiveCfg = Release|Any CPU
		{C39605DC-788D-4D50-8DDA-57ABD3C0AEC5}.MattLocal|Any CPU.Build.0 = Release|Any CPU
		{C39605DC-788D-4D50-8DDA-57ABD3C0AEC5}.Production|Any CPU.ActiveCfg = Release|Any CPU
		{C39605DC-788D-4D50-8DDA-57ABD3C0AEC5}.Production|Any CPU.Build.0 = Release|Any CPU
		{C39605DC-788D-4D50-8DDA-57ABD3C0AEC5}.QA|Any CPU.ActiveCfg = Release|Any CPU
		{C39605DC-788D-4D50-8DDA-57ABD3C0AEC5}.QA|Any CPU.Build.0 = Release|Any CPU
		{C39605DC-788D-4D50-8DDA-57ABD3C0AEC5}.Release|Any CPU.ActiveCfg = Release|Any CPU
		{C39605DC-788D-4D50-8DDA-57ABD3C0AEC5}.Release|Any CPU.Build.0 = Release|Any CPU
		{C39605DC-788D-4D50-8DDA-57ABD3C0AEC5}.UAT|Any CPU.ActiveCfg = Release|Any CPU
		{C39605DC-788D-4D50-8DDA-57ABD3C0AEC5}.UAT|Any CPU.Build.0 = Release|Any CPU
		{8F34FED0-6A0F-4447-818C-EB197FF80C69}.Debug|Any CPU.ActiveCfg = QA|Any CPU
		{8F34FED0-6A0F-4447-818C-EB197FF80C69}.Debug|Any CPU.Build.0 = QA|Any CPU
		{8F34FED0-6A0F-4447-818C-EB197FF80C69}.Development|Any CPU.ActiveCfg = Development|Any CPU
		{8F34FED0-6A0F-4447-818C-EB197FF80C69}.Development|Any CPU.Build.0 = Development|Any CPU
		{8F34FED0-6A0F-4447-818C-EB197FF80C69}.MattLocal|Any CPU.ActiveCfg = MattLocal|Any CPU
		{8F34FED0-6A0F-4447-818C-EB197FF80C69}.MattLocal|Any CPU.Build.0 = MattLocal|Any CPU
		{8F34FED0-6A0F-4447-818C-EB197FF80C69}.Production|Any CPU.ActiveCfg = Production|Any CPU
		{8F34FED0-6A0F-4447-818C-EB197FF80C69}.Production|Any CPU.Build.0 = Production|Any CPU
		{8F34FED0-6A0F-4447-818C-EB197FF80C69}.QA|Any CPU.ActiveCfg = QA|Any CPU
		{8F34FED0-6A0F-4447-818C-EB197FF80C69}.QA|Any CPU.Build.0 = QA|Any CPU
		{8F34FED0-6A0F-4447-818C-EB197FF80C69}.Release|Any CPU.ActiveCfg = Production|Any CPU
		{8F34FED0-6A0F-4447-818C-EB197FF80C69}.Release|Any CPU.Build.0 = Production|Any CPU
		{8F34FED0-6A0F-4447-818C-EB197FF80C69}.UAT|Any CPU.ActiveCfg = Development|Any CPU
		{8F34FED0-6A0F-4447-818C-EB197FF80C69}.UAT|Any CPU.Build.0 = Development|Any CPU
	EndGlobalSection
	GlobalSection(SolutionProperties) = preSolution
		HideSolutionNode = FALSE
	EndGlobalSection
	GlobalSection(NestedProjects) = preSolution
		{98A6BEFD-C625-412E-B5C6-448BCD2C6CEB} = {FE2EB216-3557-4C2F-BB1C-0274BC694CD9}
		{6C889C08-156A-40A7-AAF5-26670ED5F26C} = {FE2EB216-3557-4C2F-BB1C-0274BC694CD9}
		{78279208-2B7D-4DBB-B76C-63C2B4903DB7} = {FE2EB216-3557-4C2F-BB1C-0274BC694CD9}
		{4BBC7F80-E983-491D-83E6-4EBB727591D3} = {FE2EB216-3557-4C2F-BB1C-0274BC694CD9}
		{45516922-5F9B-4976-AC28-4242CCC8D1C0} = {FE2EB216-3557-4C2F-BB1C-0274BC694CD9}
		{CC6B2814-61EA-4DE8-8710-D7FDE78E3E45} = {FE2EB216-3557-4C2F-BB1C-0274BC694CD9}
		{5ADB540A-5AD7-491E-80E8-E212C4EC5066} = {44490D68-D72D-4FAC-A360-D0E7CCBD291C}
		{C39605DC-788D-4D50-8DDA-57ABD3C0AEC5} = {44490D68-D72D-4FAC-A360-D0E7CCBD291C}
	EndGlobalSection
	GlobalSection(ExtensibilityGlobals) = postSolution
		SolutionGuid = {D1C8FE19-DA8B-4FC2-9307-73C1D7758D20}
	EndGlobalSection
	GlobalSection(Performance) = preSolution
		HasPerformanceSessions = true
	EndGlobalSection
	GlobalSection(Performance) = preSolution
		HasPerformanceSessions = true
	EndGlobalSection
EndGlobal
