
Microsoft Visual Studio Solution File, Format Version 12.00
# Visual Studio 15
VisualStudioVersion = 15.0.27130.2020
MinimumVisualStudioVersion = 10.0.40219.1
Project("{FAE04EC0-301F-11D3-BF4B-00C04F79EFBC}") = "NESI.BLL", "NESI.BLL\NESI.BLL.csproj", "{98A6BEFD-C625-412E-B5C6-448BCD2C6CEB}"
EndProject
Project("{FAE04EC0-301F-11D3-BF4B-00C04F79EFBC}") = "NESI.Data", "NESI.Data\NESI.Data.csproj", "{6C889C08-156A-40A7-AAF5-26670ED5F26C}"
EndProject
Project("{FAE04EC0-301F-11D3-BF4B-00C04F79EFBC}") = "NESI.DTO", "NESI.DTO\NESI.DTO.csproj", "{78279208-2B7D-4DBB-B76C-63C2B4903DB7}"
EndProject
Project("{FAE04EC0-301F-11D3-BF4B-00C04F79EFBC}") = "NESI.Common", "NESI.Common\NESI.Common.csproj", "{4BBC7F80-E983-491D-83E6-4EBB727591D3}"
EndProject
Project("{FAE04EC0-301F-11D3-BF4B-00C04F79EFBC}") = "Nesi.Web", "Nesi.Web\Nesi.Web.csproj", "{D9596F01-DBDC-40D9-A0C8-33508A6B22F2}"
EndProject
Project("{2150E333-8FDC-42A3-9474-1A3956D46DE8}") = "Referenced Projects", "Referenced Projects", "{FE2EB216-3557-4C2F-BB1C-0274BC694CD9}"
EndProject
Project("{2150E333-8FDC-42A3-9474-1A3956D46DE8}") = "Binaries", "Binaries", "{C7E9517E-CBDE-4218-BFB2-A2F4DAE78C87}"
	ProjectSection(SolutionItems) = preProject
		Nesi.Bin\Antlr3.Runtime.dll = Nesi.Bin\Antlr3.Runtime.dll
		Nesi.Bin\ASPNetSpell.NET2.dll = Nesi.Bin\ASPNetSpell.NET2.dll
		Nesi.Bin\Cassia.dll = Nesi.Bin\Cassia.dll
		Nesi.Bin\CrystalDecisions.CrystalReports.Engine.dll = Nesi.Bin\CrystalDecisions.CrystalReports.Engine.dll
		Nesi.Bin\CrystalDecisions.Enterprise.Desktop.Report.dll = Nesi.Bin\CrystalDecisions.Enterprise.Desktop.Report.dll
		Nesi.Bin\CrystalDecisions.Enterprise.Framework.dll = Nesi.Bin\CrystalDecisions.Enterprise.Framework.dll
		Nesi.Bin\CrystalDecisions.Enterprise.InfoStore.dll = Nesi.Bin\CrystalDecisions.Enterprise.InfoStore.dll
		Nesi.Bin\CrystalDecisions.ReportAppServer.ClientDoc.dll = Nesi.Bin\CrystalDecisions.ReportAppServer.ClientDoc.dll
		Nesi.Bin\CrystalDecisions.ReportSource.dll = Nesi.Bin\CrystalDecisions.ReportSource.dll
		Nesi.Bin\CrystalDecisions.Shared.dll = Nesi.Bin\CrystalDecisions.Shared.dll
		Nesi.Bin\CrystalDecisions.Web.dll = Nesi.Bin\CrystalDecisions.Web.dll
		Nesi.Bin\CrystalDecisions.Windows.Forms.dll = Nesi.Bin\CrystalDecisions.Windows.Forms.dll
		Nesi.Bin\DevExpress.Charts.v17.2.Core.dll = Nesi.Bin\DevExpress.Charts.v17.2.Core.dll
		Nesi.Bin\DevExpress.Data.v17.2.dll = Nesi.Bin\DevExpress.Data.v17.2.dll
		Nesi.Bin\DevExpress.Office.v17.2.Core.dll = Nesi.Bin\DevExpress.Office.v17.2.Core.dll
		Nesi.Bin\DevExpress.Pdf.v17.2.Core.dll = Nesi.Bin\DevExpress.Pdf.v17.2.Core.dll
		Nesi.Bin\DevExpress.PivotGrid.v17.2.Core.dll = Nesi.Bin\DevExpress.PivotGrid.v17.2.Core.dll
		Nesi.Bin\DevExpress.Printing.v17.2.Core.dll = Nesi.Bin\DevExpress.Printing.v17.2.Core.dll
		Nesi.Bin\DevExpress.RichEdit.v17.2.Core.dll = Nesi.Bin\DevExpress.RichEdit.v17.2.Core.dll
		Nesi.Bin\DevExpress.RichEdit.v17.2.Export.dll = Nesi.Bin\DevExpress.RichEdit.v17.2.Export.dll
		Nesi.Bin\DevExpress.Sparkline.v17.2.Core.dll = Nesi.Bin\DevExpress.Sparkline.v17.2.Core.dll
		Nesi.Bin\DevExpress.SpellChecker.v17.2.Core.dll = Nesi.Bin\DevExpress.SpellChecker.v17.2.Core.dll
		Nesi.Bin\DevExpress.Spreadsheet.v17.2.Core.dll = Nesi.Bin\DevExpress.Spreadsheet.v17.2.Core.dll
		Nesi.Bin\DevExpress.Utils.v17.2.dll = Nesi.Bin\DevExpress.Utils.v17.2.dll
		Nesi.Bin\DevExpress.Utils.v17.2.UI.dll = Nesi.Bin\DevExpress.Utils.v17.2.UI.dll
		Nesi.Bin\DevExpress.Web.ASPxHtmlEditor.v17.2.dll = Nesi.Bin\DevExpress.Web.ASPxHtmlEditor.v17.2.dll
		Nesi.Bin\DevExpress.Web.ASPxPivotGrid.v17.2.dll = Nesi.Bin\DevExpress.Web.ASPxPivotGrid.v17.2.dll
		Nesi.Bin\DevExpress.Web.ASPxScheduler.v17.2.dll = Nesi.Bin\DevExpress.Web.ASPxScheduler.v17.2.dll
		Nesi.Bin\DevExpress.Web.ASPxSpellChecker.v17.2.dll = Nesi.Bin\DevExpress.Web.ASPxSpellChecker.v17.2.dll
		Nesi.Bin\DevExpress.Web.ASPxThemes.v17.2.dll = Nesi.Bin\DevExpress.Web.ASPxThemes.v17.2.dll
		Nesi.Bin\DevExpress.Web.ASPxTreeList.v17.2.dll = Nesi.Bin\DevExpress.Web.ASPxTreeList.v17.2.dll
		Nesi.Bin\DevExpress.Web.v17.2.dll = Nesi.Bin\DevExpress.Web.v17.2.dll
		Nesi.Bin\DevExpress.Xpo.v17.2.dll = Nesi.Bin\DevExpress.Xpo.v17.2.dll
		Nesi.Bin\DevExpress.Xpo.v17.2.Extensions.dll = Nesi.Bin\DevExpress.Xpo.v17.2.Extensions.dll
		Nesi.Bin\DevExpress.XtraCharts.v17.2.dll = Nesi.Bin\DevExpress.XtraCharts.v17.2.dll
		Nesi.Bin\DevExpress.XtraCharts.v17.2.Extensions.dll = Nesi.Bin\DevExpress.XtraCharts.v17.2.Extensions.dll
		Nesi.Bin\DevExpress.XtraCharts.v17.2.UI.dll = Nesi.Bin\DevExpress.XtraCharts.v17.2.UI.dll
		Nesi.Bin\DevExpress.XtraCharts.v17.2.Web.dll = Nesi.Bin\DevExpress.XtraCharts.v17.2.Web.dll
		Nesi.Bin\DevExpress.XtraCharts.v17.2.Wizard.dll = Nesi.Bin\DevExpress.XtraCharts.v17.2.Wizard.dll
		Nesi.Bin\DevExpress.XtraEditors.v17.2.dll = Nesi.Bin\DevExpress.XtraEditors.v17.2.dll
		Nesi.Bin\DevExpress.XtraGauges.v17.2.Core.dll = Nesi.Bin\DevExpress.XtraGauges.v17.2.Core.dll
		Nesi.Bin\DevExpress.XtraPrinting.v17.2.dll = Nesi.Bin\DevExpress.XtraPrinting.v17.2.dll
		Nesi.Bin\DevExpress.XtraReports.v17.2.dll = Nesi.Bin\DevExpress.XtraReports.v17.2.dll
		Nesi.Bin\DevExpress.XtraReports.v17.2.Extensions.dll = Nesi.Bin\DevExpress.XtraReports.v17.2.Extensions.dll
		Nesi.Bin\DevExpress.XtraReports.v17.2.Service.dll = Nesi.Bin\DevExpress.XtraReports.v17.2.Service.dll
		Nesi.Bin\DevExpress.XtraReports.v17.2.Web.Azure.dll = Nesi.Bin\DevExpress.XtraReports.v17.2.Web.Azure.dll
		Nesi.Bin\DevExpress.XtraReports.v17.2.Web.dll = Nesi.Bin\DevExpress.XtraReports.v17.2.Web.dll
		Nesi.Bin\DevExpress.XtraScheduler.v17.2.Core.dll = Nesi.Bin\DevExpress.XtraScheduler.v17.2.Core.dll
		Nesi.Bin\DevExpress.XtraScheduler.v17.2.dll = Nesi.Bin\DevExpress.XtraScheduler.v17.2.dll
		Nesi.Bin\DevExpress.XtraScheduler.v17.2.Extensions.dll = Nesi.Bin\DevExpress.XtraScheduler.v17.2.Extensions.dll
		Nesi.Bin\DevExpress.XtraScheduler.v17.2.Reporting.dll = Nesi.Bin\DevExpress.XtraScheduler.v17.2.Reporting.dll
		Nesi.Bin\DevExpress.XtraScheduler.v17.2.Reporting.Extensions.dll = Nesi.Bin\DevExpress.XtraScheduler.v17.2.Reporting.Extensions.dll
		Nesi.Bin\DlhSoft.ProjectData.GanttChart.ASP.Controls.dll = Nesi.Bin\DlhSoft.ProjectData.GanttChart.ASP.Controls.dll
		Nesi.Bin\DlhSoft.ProjectData.PertChart.ASP.Controls.dll = Nesi.Bin\DlhSoft.ProjectData.PertChart.ASP.Controls.dll
		Nesi.Bin\GanttChartViewSample.dll = Nesi.Bin\GanttChartViewSample.dll
		Nesi.Bin\itextsharp.dll = Nesi.Bin\itextsharp.dll
		Nesi.Bin\JetBrains.Annotations.dll = Nesi.Bin\JetBrains.Annotations.dll
		Nesi.Bin\Microsoft.Exchange.WebServices.dll = Nesi.Bin\Microsoft.Exchange.WebServices.dll
		Nesi.Bin\Microsoft.Office.Interop.Excel.dll = Nesi.Bin\Microsoft.Office.Interop.Excel.dll
		Nesi.Bin\Microsoft.Vbe.Interop.dll = Nesi.Bin\Microsoft.Vbe.Interop.dll
		Nesi.Bin\Microsoft.Web.Infrastructure.dll = Nesi.Bin\Microsoft.Web.Infrastructure.dll
		Nesi.Bin\MiniProfiler.dll = Nesi.Bin\MiniProfiler.dll
		Nesi.Bin\NETheme01.dll = Nesi.Bin\NETheme01.dll
		Nesi.Bin\office.dll = Nesi.Bin\office.dll
		Nesi.Bin\Pervasive.Data.Common.dll = Nesi.Bin\Pervasive.Data.Common.dll
		Nesi.Bin\Pervasive.Data.SqlClient.dll = Nesi.Bin\Pervasive.Data.SqlClient.dll
		Nesi.Bin\RJS.Web.WebControl.PopCalendar.dll = Nesi.Bin\RJS.Web.WebControl.PopCalendar.dll
		Nesi.Bin\ZedGraph.dll = Nesi.Bin\ZedGraph.dll
		Nesi.Bin\ZedGraph.Web.dll = Nesi.Bin\ZedGraph.Web.dll
	EndProjectSection
EndProject
Project("{FAE04EC0-301F-11D3-BF4B-00C04F79EFBC}") = "NESI.Core", "NESI.Core\NESI.Core.csproj", "{CC6B2814-61EA-4DE8-8710-D7FDE78E3E45}"
EndProject
Global
	GlobalSection(SolutionConfigurationPlatforms) = preSolution
		Debug|Any CPU = Debug|Any CPU
		Debug|x64 = Debug|x64
		Development|Any CPU = Development|Any CPU
		Development|x64 = Development|x64
		Inv_Svc|Any CPU = Inv_Svc|Any CPU
		Inv_Svc|x64 = Inv_Svc|x64
		Production|Any CPU = Production|Any CPU
		Production|x64 = Production|x64
		QA|Any CPU = QA|Any CPU
		QA|x64 = QA|x64
		Release|Any CPU = Release|Any CPU
		Release|x64 = Release|x64
	EndGlobalSection
	GlobalSection(ProjectConfigurationPlatforms) = postSolution
		{98A6BEFD-C625-412E-B5C6-448BCD2C6CEB}.Debug|Any CPU.ActiveCfg = Debug|Any CPU
		{98A6BEFD-C625-412E-B5C6-448BCD2C6CEB}.Debug|Any CPU.Build.0 = Debug|Any CPU
		{98A6BEFD-C625-412E-B5C6-448BCD2C6CEB}.Debug|x64.ActiveCfg = Debug|x64
		{98A6BEFD-C625-412E-B5C6-448BCD2C6CEB}.Debug|x64.Build.0 = Debug|x64
		{98A6BEFD-C625-412E-B5C6-448BCD2C6CEB}.Development|Any CPU.ActiveCfg = Debug|Any CPU
		{98A6BEFD-C625-412E-B5C6-448BCD2C6CEB}.Development|Any CPU.Build.0 = Debug|Any CPU
		{98A6BEFD-C625-412E-B5C6-448BCD2C6CEB}.Development|x64.ActiveCfg = Debug|x64
		{98A6BEFD-C625-412E-B5C6-448BCD2C6CEB}.Development|x64.Build.0 = Debug|x64
		{98A6BEFD-C625-412E-B5C6-448BCD2C6CEB}.Inv_Svc|Any CPU.ActiveCfg = Release|Any CPU
		{98A6BEFD-C625-412E-B5C6-448BCD2C6CEB}.Inv_Svc|Any CPU.Build.0 = Release|Any CPU
		{98A6BEFD-C625-412E-B5C6-448BCD2C6CEB}.Inv_Svc|x64.ActiveCfg = Release|x64
		{98A6BEFD-C625-412E-B5C6-448BCD2C6CEB}.Inv_Svc|x64.Build.0 = Release|x64
		{98A6BEFD-C625-412E-B5C6-448BCD2C6CEB}.Production|Any CPU.ActiveCfg = Release|Any CPU
		{98A6BEFD-C625-412E-B5C6-448BCD2C6CEB}.Production|Any CPU.Build.0 = Release|Any CPU
		{98A6BEFD-C625-412E-B5C6-448BCD2C6CEB}.Production|x64.ActiveCfg = Release|x64
		{98A6BEFD-C625-412E-B5C6-448BCD2C6CEB}.Production|x64.Build.0 = Release|x64
		{98A6BEFD-C625-412E-B5C6-448BCD2C6CEB}.QA|Any CPU.ActiveCfg = Release|Any CPU
		{98A6BEFD-C625-412E-B5C6-448BCD2C6CEB}.QA|Any CPU.Build.0 = Release|Any CPU
		{98A6BEFD-C625-412E-B5C6-448BCD2C6CEB}.QA|x64.ActiveCfg = Release|x64
		{98A6BEFD-C625-412E-B5C6-448BCD2C6CEB}.QA|x64.Build.0 = Release|x64
		{98A6BEFD-C625-412E-B5C6-448BCD2C6CEB}.Release|Any CPU.ActiveCfg = Release|Any CPU
		{98A6BEFD-C625-412E-B5C6-448BCD2C6CEB}.Release|Any CPU.Build.0 = Release|Any CPU
		{98A6BEFD-C625-412E-B5C6-448BCD2C6CEB}.Release|x64.ActiveCfg = Release|x64
		{98A6BEFD-C625-412E-B5C6-448BCD2C6CEB}.Release|x64.Build.0 = Release|x64
		{6C889C08-156A-40A7-AAF5-26670ED5F26C}.Debug|Any CPU.ActiveCfg = Debug|Any CPU
		{6C889C08-156A-40A7-AAF5-26670ED5F26C}.Debug|Any CPU.Build.0 = Debug|Any CPU
		{6C889C08-156A-40A7-AAF5-26670ED5F26C}.Debug|x64.ActiveCfg = Debug|x64
		{6C889C08-156A-40A7-AAF5-26670ED5F26C}.Debug|x64.Build.0 = Debug|x64
		{6C889C08-156A-40A7-AAF5-26670ED5F26C}.Development|Any CPU.ActiveCfg = Debug|Any CPU
		{6C889C08-156A-40A7-AAF5-26670ED5F26C}.Development|Any CPU.Build.0 = Debug|Any CPU
		{6C889C08-156A-40A7-AAF5-26670ED5F26C}.Development|x64.ActiveCfg = Debug|x64
		{6C889C08-156A-40A7-AAF5-26670ED5F26C}.Development|x64.Build.0 = Debug|x64
		{6C889C08-156A-40A7-AAF5-26670ED5F26C}.Inv_Svc|Any CPU.ActiveCfg = Release|Any CPU
		{6C889C08-156A-40A7-AAF5-26670ED5F26C}.Inv_Svc|Any CPU.Build.0 = Release|Any CPU
		{6C889C08-156A-40A7-AAF5-26670ED5F26C}.Inv_Svc|x64.ActiveCfg = Release|x64
		{6C889C08-156A-40A7-AAF5-26670ED5F26C}.Inv_Svc|x64.Build.0 = Release|x64
		{6C889C08-156A-40A7-AAF5-26670ED5F26C}.Production|Any CPU.ActiveCfg = Release|Any CPU
		{6C889C08-156A-40A7-AAF5-26670ED5F26C}.Production|Any CPU.Build.0 = Release|Any CPU
		{6C889C08-156A-40A7-AAF5-26670ED5F26C}.Production|x64.ActiveCfg = Release|x64
		{6C889C08-156A-40A7-AAF5-26670ED5F26C}.Production|x64.Build.0 = Release|x64
		{6C889C08-156A-40A7-AAF5-26670ED5F26C}.QA|Any CPU.ActiveCfg = Release|Any CPU
		{6C889C08-156A-40A7-AAF5-26670ED5F26C}.QA|Any CPU.Build.0 = Release|Any CPU
		{6C889C08-156A-40A7-AAF5-26670ED5F26C}.QA|x64.ActiveCfg = Release|x64
		{6C889C08-156A-40A7-AAF5-26670ED5F26C}.QA|x64.Build.0 = Release|x64
		{6C889C08-156A-40A7-AAF5-26670ED5F26C}.Release|Any CPU.ActiveCfg = Release|Any CPU
		{6C889C08-156A-40A7-AAF5-26670ED5F26C}.Release|Any CPU.Build.0 = Release|Any CPU
		{6C889C08-156A-40A7-AAF5-26670ED5F26C}.Release|x64.ActiveCfg = Release|x64
		{6C889C08-156A-40A7-AAF5-26670ED5F26C}.Release|x64.Build.0 = Release|x64
		{78279208-2B7D-4DBB-B76C-63C2B4903DB7}.Debug|Any CPU.ActiveCfg = Debug|Any CPU
		{78279208-2B7D-4DBB-B76C-63C2B4903DB7}.Debug|Any CPU.Build.0 = Debug|Any CPU
		{78279208-2B7D-4DBB-B76C-63C2B4903DB7}.Debug|x64.ActiveCfg = Debug|x64
		{78279208-2B7D-4DBB-B76C-63C2B4903DB7}.Debug|x64.Build.0 = Debug|x64
		{78279208-2B7D-4DBB-B76C-63C2B4903DB7}.Development|Any CPU.ActiveCfg = Debug|Any CPU
		{78279208-2B7D-4DBB-B76C-63C2B4903DB7}.Development|Any CPU.Build.0 = Debug|Any CPU
		{78279208-2B7D-4DBB-B76C-63C2B4903DB7}.Development|x64.ActiveCfg = Debug|x64
		{78279208-2B7D-4DBB-B76C-63C2B4903DB7}.Development|x64.Build.0 = Debug|x64
		{78279208-2B7D-4DBB-B76C-63C2B4903DB7}.Inv_Svc|Any CPU.ActiveCfg = Release|Any CPU
		{78279208-2B7D-4DBB-B76C-63C2B4903DB7}.Inv_Svc|Any CPU.Build.0 = Release|Any CPU
		{78279208-2B7D-4DBB-B76C-63C2B4903DB7}.Inv_Svc|x64.ActiveCfg = Release|x64
		{78279208-2B7D-4DBB-B76C-63C2B4903DB7}.Inv_Svc|x64.Build.0 = Release|x64
		{78279208-2B7D-4DBB-B76C-63C2B4903DB7}.Production|Any CPU.ActiveCfg = Release|Any CPU
		{78279208-2B7D-4DBB-B76C-63C2B4903DB7}.Production|Any CPU.Build.0 = Release|Any CPU
		{78279208-2B7D-4DBB-B76C-63C2B4903DB7}.Production|x64.ActiveCfg = Release|x64
		{78279208-2B7D-4DBB-B76C-63C2B4903DB7}.Production|x64.Build.0 = Release|x64
		{78279208-2B7D-4DBB-B76C-63C2B4903DB7}.QA|Any CPU.ActiveCfg = Release|Any CPU
		{78279208-2B7D-4DBB-B76C-63C2B4903DB7}.QA|Any CPU.Build.0 = Release|Any CPU
		{78279208-2B7D-4DBB-B76C-63C2B4903DB7}.QA|x64.ActiveCfg = Release|x64
		{78279208-2B7D-4DBB-B76C-63C2B4903DB7}.QA|x64.Build.0 = Release|x64
		{78279208-2B7D-4DBB-B76C-63C2B4903DB7}.Release|Any CPU.ActiveCfg = Release|Any CPU
		{78279208-2B7D-4DBB-B76C-63C2B4903DB7}.Release|Any CPU.Build.0 = Release|Any CPU
		{78279208-2B7D-4DBB-B76C-63C2B4903DB7}.Release|x64.ActiveCfg = Release|x64
		{78279208-2B7D-4DBB-B76C-63C2B4903DB7}.Release|x64.Build.0 = Release|x64
		{4BBC7F80-E983-491D-83E6-4EBB727591D3}.Debug|Any CPU.ActiveCfg = Debug|Any CPU
		{4BBC7F80-E983-491D-83E6-4EBB727591D3}.Debug|Any CPU.Build.0 = Debug|Any CPU
		{4BBC7F80-E983-491D-83E6-4EBB727591D3}.Debug|x64.ActiveCfg = Debug|x64
		{4BBC7F80-E983-491D-83E6-4EBB727591D3}.Debug|x64.Build.0 = Debug|x64
		{4BBC7F80-E983-491D-83E6-4EBB727591D3}.Development|Any CPU.ActiveCfg = Debug|Any CPU
		{4BBC7F80-E983-491D-83E6-4EBB727591D3}.Development|Any CPU.Build.0 = Debug|Any CPU
		{4BBC7F80-E983-491D-83E6-4EBB727591D3}.Development|x64.ActiveCfg = Debug|x64
		{4BBC7F80-E983-491D-83E6-4EBB727591D3}.Development|x64.Build.0 = Debug|x64
		{4BBC7F80-E983-491D-83E6-4EBB727591D3}.Inv_Svc|Any CPU.ActiveCfg = Release|Any CPU
		{4BBC7F80-E983-491D-83E6-4EBB727591D3}.Inv_Svc|Any CPU.Build.0 = Release|Any CPU
		{4BBC7F80-E983-491D-83E6-4EBB727591D3}.Inv_Svc|x64.ActiveCfg = Release|x64
		{4BBC7F80-E983-491D-83E6-4EBB727591D3}.Inv_Svc|x64.Build.0 = Release|x64
		{4BBC7F80-E983-491D-83E6-4EBB727591D3}.Production|Any CPU.ActiveCfg = Release|Any CPU
		{4BBC7F80-E983-491D-83E6-4EBB727591D3}.Production|Any CPU.Build.0 = Release|Any CPU
		{4BBC7F80-E983-491D-83E6-4EBB727591D3}.Production|x64.ActiveCfg = Release|x64
		{4BBC7F80-E983-491D-83E6-4EBB727591D3}.Production|x64.Build.0 = Release|x64
		{4BBC7F80-E983-491D-83E6-4EBB727591D3}.QA|Any CPU.ActiveCfg = Release|Any CPU
		{4BBC7F80-E983-491D-83E6-4EBB727591D3}.QA|Any CPU.Build.0 = Release|Any CPU
		{4BBC7F80-E983-491D-83E6-4EBB727591D3}.QA|x64.ActiveCfg = Release|x64
		{4BBC7F80-E983-491D-83E6-4EBB727591D3}.QA|x64.Build.0 = Release|x64
		{4BBC7F80-E983-491D-83E6-4EBB727591D3}.Release|Any CPU.ActiveCfg = Release|Any CPU
		{4BBC7F80-E983-491D-83E6-4EBB727591D3}.Release|Any CPU.Build.0 = Release|Any CPU
		{4BBC7F80-E983-491D-83E6-4EBB727591D3}.Release|x64.ActiveCfg = Release|x64
		{4BBC7F80-E983-491D-83E6-4EBB727591D3}.Release|x64.Build.0 = Release|x64
		{D9596F01-DBDC-40D9-A0C8-33508A6B22F2}.Debug|Any CPU.ActiveCfg = Debug|Any CPU
		{D9596F01-DBDC-40D9-A0C8-33508A6B22F2}.Debug|Any CPU.Build.0 = Debug|Any CPU
		{D9596F01-DBDC-40D9-A0C8-33508A6B22F2}.Debug|x64.ActiveCfg = Debug|Any CPU
		{D9596F01-DBDC-40D9-A0C8-33508A6B22F2}.Debug|x64.Build.0 = Debug|Any CPU
		{D9596F01-DBDC-40D9-A0C8-33508A6B22F2}.Development|Any CPU.ActiveCfg = Development|Any CPU
		{D9596F01-DBDC-40D9-A0C8-33508A6B22F2}.Development|Any CPU.Build.0 = Development|Any CPU
		{D9596F01-DBDC-40D9-A0C8-33508A6B22F2}.Development|x64.ActiveCfg = Development|Any CPU
		{D9596F01-DBDC-40D9-A0C8-33508A6B22F2}.Development|x64.Build.0 = Development|Any CPU
		{D9596F01-DBDC-40D9-A0C8-33508A6B22F2}.Inv_Svc|Any CPU.ActiveCfg = Inv_Svc|Any CPU
		{D9596F01-DBDC-40D9-A0C8-33508A6B22F2}.Inv_Svc|Any CPU.Build.0 = Inv_Svc|Any CPU
		{D9596F01-DBDC-40D9-A0C8-33508A6B22F2}.Inv_Svc|x64.ActiveCfg = Inv_Svc|Any CPU
		{D9596F01-DBDC-40D9-A0C8-33508A6B22F2}.Inv_Svc|x64.Build.0 = Inv_Svc|Any CPU
		{D9596F01-DBDC-40D9-A0C8-33508A6B22F2}.Production|Any CPU.ActiveCfg = Production|Any CPU
		{D9596F01-DBDC-40D9-A0C8-33508A6B22F2}.Production|Any CPU.Build.0 = Production|Any CPU
		{D9596F01-DBDC-40D9-A0C8-33508A6B22F2}.Production|x64.ActiveCfg = Production|Any CPU
		{D9596F01-DBDC-40D9-A0C8-33508A6B22F2}.Production|x64.Build.0 = Production|Any CPU
		{D9596F01-DBDC-40D9-A0C8-33508A6B22F2}.QA|Any CPU.ActiveCfg = QA|Any CPU
		{D9596F01-DBDC-40D9-A0C8-33508A6B22F2}.QA|Any CPU.Build.0 = QA|Any CPU
		{D9596F01-DBDC-40D9-A0C8-33508A6B22F2}.QA|x64.ActiveCfg = QA|Any CPU
		{D9596F01-DBDC-40D9-A0C8-33508A6B22F2}.QA|x64.Build.0 = QA|Any CPU
		{D9596F01-DBDC-40D9-A0C8-33508A6B22F2}.Release|Any CPU.ActiveCfg = Release|Any CPU
		{D9596F01-DBDC-40D9-A0C8-33508A6B22F2}.Release|Any CPU.Build.0 = Release|Any CPU
		{D9596F01-DBDC-40D9-A0C8-33508A6B22F2}.Release|x64.ActiveCfg = Release|Any CPU
		{D9596F01-DBDC-40D9-A0C8-33508A6B22F2}.Release|x64.Build.0 = Release|Any CPU
		{CC6B2814-61EA-4DE8-8710-D7FDE78E3E45}.Debug|Any CPU.ActiveCfg = Debug|Any CPU
		{CC6B2814-61EA-4DE8-8710-D7FDE78E3E45}.Debug|Any CPU.Build.0 = Debug|Any CPU
		{CC6B2814-61EA-4DE8-8710-D7FDE78E3E45}.Debug|x64.ActiveCfg = Debug|x64
		{CC6B2814-61EA-4DE8-8710-D7FDE78E3E45}.Debug|x64.Build.0 = Debug|x64
		{CC6B2814-61EA-4DE8-8710-D7FDE78E3E45}.Development|Any CPU.ActiveCfg = Debug|Any CPU
		{CC6B2814-61EA-4DE8-8710-D7FDE78E3E45}.Development|Any CPU.Build.0 = Debug|Any CPU
		{CC6B2814-61EA-4DE8-8710-D7FDE78E3E45}.Development|x64.ActiveCfg = Debug|x64
		{CC6B2814-61EA-4DE8-8710-D7FDE78E3E45}.Development|x64.Build.0 = Debug|x64
		{CC6B2814-61EA-4DE8-8710-D7FDE78E3E45}.Inv_Svc|Any CPU.ActiveCfg = Release|Any CPU
		{CC6B2814-61EA-4DE8-8710-D7FDE78E3E45}.Inv_Svc|Any CPU.Build.0 = Release|Any CPU
		{CC6B2814-61EA-4DE8-8710-D7FDE78E3E45}.Inv_Svc|x64.ActiveCfg = Release|x64
		{CC6B2814-61EA-4DE8-8710-D7FDE78E3E45}.Inv_Svc|x64.Build.0 = Release|x64
		{CC6B2814-61EA-4DE8-8710-D7FDE78E3E45}.Production|Any CPU.ActiveCfg = Release|Any CPU
		{CC6B2814-61EA-4DE8-8710-D7FDE78E3E45}.Production|Any CPU.Build.0 = Release|Any CPU
		{CC6B2814-61EA-4DE8-8710-D7FDE78E3E45}.Production|x64.ActiveCfg = Release|x64
		{CC6B2814-61EA-4DE8-8710-D7FDE78E3E45}.Production|x64.Build.0 = Release|x64
		{CC6B2814-61EA-4DE8-8710-D7FDE78E3E45}.QA|Any CPU.ActiveCfg = Release|Any CPU
		{CC6B2814-61EA-4DE8-8710-D7FDE78E3E45}.QA|Any CPU.Build.0 = Release|Any CPU
		{CC6B2814-61EA-4DE8-8710-D7FDE78E3E45}.QA|x64.ActiveCfg = Release|x64
		{CC6B2814-61EA-4DE8-8710-D7FDE78E3E45}.QA|x64.Build.0 = Release|x64
		{CC6B2814-61EA-4DE8-8710-D7FDE78E3E45}.Release|Any CPU.ActiveCfg = Release|Any CPU
		{CC6B2814-61EA-4DE8-8710-D7FDE78E3E45}.Release|Any CPU.Build.0 = Release|Any CPU
		{CC6B2814-61EA-4DE8-8710-D7FDE78E3E45}.Release|x64.ActiveCfg = Release|x64
		{CC6B2814-61EA-4DE8-8710-D7FDE78E3E45}.Release|x64.Build.0 = Release|x64
	EndGlobalSection
	GlobalSection(SolutionProperties) = preSolution
		HideSolutionNode = FALSE
	EndGlobalSection
	GlobalSection(NestedProjects) = preSolution
		{98A6BEFD-C625-412E-B5C6-448BCD2C6CEB} = {FE2EB216-3557-4C2F-BB1C-0274BC694CD9}
		{6C889C08-156A-40A7-AAF5-26670ED5F26C} = {FE2EB216-3557-4C2F-BB1C-0274BC694CD9}
		{78279208-2B7D-4DBB-B76C-63C2B4903DB7} = {FE2EB216-3557-4C2F-BB1C-0274BC694CD9}
		{4BBC7F80-E983-491D-83E6-4EBB727591D3} = {FE2EB216-3557-4C2F-BB1C-0274BC694CD9}
		{CC6B2814-61EA-4DE8-8710-D7FDE78E3E45} = {FE2EB216-3557-4C2F-BB1C-0274BC694CD9}
	EndGlobalSection
	GlobalSection(ExtensibilityGlobals) = postSolution
		SolutionGuid = {D1C8FE19-DA8B-4FC2-9307-73C1D7758D20}
	EndGlobalSection
EndGlobal
